
Microsoft Visual Studio Solution File, Format Version 12.00
# Visual Studio 14
VisualStudioVersion = 14.0.25420.1
MinimumVisualStudioVersion = 10.0.40219.1
Project("{2150E333-8FDC-42A3-9474-1A3956D46DE8}") = "src", "src", "{9B5889ED-492E-4D9B-86BE-3D4AFFC4FF2D}"
EndProject
Project("{2150E333-8FDC-42A3-9474-1A3956D46DE8}") = "Solution Items", "Solution Items", "{2BA1A009-3E47-424C-9A8E-5085A22E939F}"
	ProjectSection(SolutionItems) = preProject
		global.json = global.json
	EndProjectSection
EndProject
Project("{8BB2217D-0F2D-49D1-97BC-3654ED321F3B}") = "DesignPatternStudy", "src\DesignPatternStudy\DesignPatternStudy.xproj", "{ACE8B635-025F-4826-AE52-4C0E5BECAB8E}"
EndProject
Project("{FAE04EC0-301F-11D3-BF4B-00C04F79EFBC}") = "AdpaterPattern", "AdpaterPattern\AdpaterPattern.csproj", "{894C95EA-B4AF-4438-8072-DCDD456BA723}"
EndProject
Global
	GlobalSection(SolutionConfigurationPlatforms) = preSolution
		Debug|Any CPU = Debug|Any CPU
		Release|Any CPU = Release|Any CPU
	EndGlobalSection
	GlobalSection(ProjectConfigurationPlatforms) = postSolution
		{ACE8B635-025F-4826-AE52-4C0E5BECAB8E}.Debug|Any CPU.ActiveCfg = Debug|Any CPU
		{ACE8B635-025F-4826-AE52-4C0E5BECAB8E}.Debug|Any CPU.Build.0 = Debug|Any CPU
		{ACE8B635-025F-4826-AE52-4C0E5BECAB8E}.Release|Any CPU.ActiveCfg = Release|Any CPU
		{ACE8B635-025F-4826-AE52-4C0E5BECAB8E}.Release|Any CPU.Build.0 = Release|Any CPU
		{894C95EA-B4AF-4438-8072-DCDD456BA723}.Debug|Any CPU.ActiveCfg = Debug|Any CPU
		{894C95EA-B4AF-4438-8072-DCDD456BA723}.Debug|Any CPU.Build.0 = Debug|Any CPU
		{894C95EA-B4AF-4438-8072-DCDD456BA723}.Release|Any CPU.ActiveCfg = Release|Any CPU
		{894C95EA-B4AF-4438-8072-DCDD456BA723}.Release|Any CPU.Build.0 = Release|Any CPU
	EndGlobalSection
	GlobalSection(SolutionProperties) = preSolution
		HideSolutionNode = FALSE
	EndGlobalSection
	GlobalSection(NestedProjects) = preSolution
		{ACE8B635-025F-4826-AE52-4C0E5BECAB8E} = {9B5889ED-492E-4D9B-86BE-3D4AFFC4FF2D}
	EndGlobalSection
EndGlobal
